
Microsoft Visual Studio Solution File, Format Version 12.00
# Visual Studio Version 16
VisualStudioVersion = 16.0.33130.400
MinimumVisualStudioVersion = 10.0.40219.1
Project("{FAE04EC0-301F-11D3-BF4B-00C04F79EFBC}") = "AK1PA_console_l1", "AK1PA_console_l1\AK1PA_console_l1.csproj", "{27913EF0-9DCC-4443-8F01-CF9675E3AF4B}"
EndProject
Global
	GlobalSection(SolutionConfigurationPlatforms) = preSolution
		Debug|Any CPU = Debug|Any CPU
		Release|Any CPU = Release|Any CPU
	EndGlobalSection
	GlobalSection(ProjectConfigurationPlatforms) = postSolution
		{27913EF0-9DCC-4443-8F01-CF9675E3AF4B}.Debug|Any CPU.ActiveCfg = Debug|Any CPU
		{27913EF0-9DCC-4443-8F01-CF9675E3AF4B}.Debug|Any CPU.Build.0 = Debug|Any CPU
		{27913EF0-9DCC-4443-8F01-CF9675E3AF4B}.Release|Any CPU.ActiveCfg = Release|Any CPU
		{27913EF0-9DCC-4443-8F01-CF9675E3AF4B}.Release|Any CPU.Build.0 = Release|Any CPU
	EndGlobalSection
	GlobalSection(SolutionProperties) = preSolution
		HideSolutionNode = FALSE
	EndGlobalSection
	GlobalSection(ExtensibilityGlobals) = postSolution
		SolutionGuid = {EC191D13-EBC9-4015-8004-6BE04A8B39BD}
	EndGlobalSection
EndGlobal
